
Microsoft Visual Studio Solution File, Format Version 12.00
# Visual Studio Version 17
VisualStudioVersion = 17.2.32616.157
MinimumVisualStudioVersion = 10.0.40219.1
Project("{9A19103F-16F7-4668-BE54-9A1E7A4F7556}") = "Pedido", "Pedido.csproj", "{82E32BED-926F-445D-B55B-613067CFDFE3}"
EndProject
Global
	GlobalSection(SolutionConfigurationPlatforms) = preSolution
		Debug|Any CPU = Debug|Any CPU
		Release|Any CPU = Release|Any CPU
	EndGlobalSection
	GlobalSection(ProjectConfigurationPlatforms) = postSolution
		{82E32BED-926F-445D-B55B-613067CFDFE3}.Debug|Any CPU.ActiveCfg = Debug|Any CPU
		{82E32BED-926F-445D-B55B-613067CFDFE3}.Debug|Any CPU.Build.0 = Debug|Any CPU
		{82E32BED-926F-445D-B55B-613067CFDFE3}.Release|Any CPU.ActiveCfg = Release|Any CPU
		{82E32BED-926F-445D-B55B-613067CFDFE3}.Release|Any CPU.Build.0 = Release|Any CPU
	EndGlobalSection
	GlobalSection(SolutionProperties) = preSolution
		HideSolutionNode = FALSE
	EndGlobalSection
	GlobalSection(ExtensibilityGlobals) = postSolution
		SolutionGuid = {54957CAE-FDA8-4C3A-B34B-62209BC3AB81}
	EndGlobalSection
EndGlobal
